
Microsoft Visual Studio Solution File, Format Version 12.00
# Visual Studio Version 16
VisualStudioVersion = 16.0.30503.244
MinimumVisualStudioVersion = 10.0.40219.1
Project("{FAE04EC0-301F-11D3-BF4B-00C04F79EFBC}") = "лаба 5", "лаба 5.csproj", "{243A6F75-2906-4BF4-977A-2DC25F910E17}"
EndProject
Global
	GlobalSection(SolutionConfigurationPlatforms) = preSolution
		Debug|Any CPU = Debug|Any CPU
		Release|Any CPU = Release|Any CPU
	EndGlobalSection
	GlobalSection(ProjectConfigurationPlatforms) = postSolution
		{243A6F75-2906-4BF4-977A-2DC25F910E17}.Debug|Any CPU.ActiveCfg = Debug|Any CPU
		{243A6F75-2906-4BF4-977A-2DC25F910E17}.Debug|Any CPU.Build.0 = Debug|Any CPU
		{243A6F75-2906-4BF4-977A-2DC25F910E17}.Release|Any CPU.ActiveCfg = Release|Any CPU
		{243A6F75-2906-4BF4-977A-2DC25F910E17}.Release|Any CPU.Build.0 = Release|Any CPU
	EndGlobalSection
	GlobalSection(SolutionProperties) = preSolution
		HideSolutionNode = FALSE
	EndGlobalSection
	GlobalSection(ExtensibilityGlobals) = postSolution
		SolutionGuid = {909AE370-3FA9-4147-AD33-8E02507AE3E0}
	EndGlobalSection
EndGlobal
