
Microsoft Visual Studio Solution File, Format Version 12.00
# Visual Studio Version 16
VisualStudioVersion = 16.0.30503.244
MinimumVisualStudioVersion = 10.0.40219.1
Project("{FAE04EC0-301F-11D3-BF4B-00C04F79EFBC}") = "лаба 4", "лаба 4.csproj", "{65E04052-B100-41DE-B35E-75A586A1A7F5}"
EndProject
Global
	GlobalSection(SolutionConfigurationPlatforms) = preSolution
		Debug|Any CPU = Debug|Any CPU
		Release|Any CPU = Release|Any CPU
	EndGlobalSection
	GlobalSection(ProjectConfigurationPlatforms) = postSolution
		{65E04052-B100-41DE-B35E-75A586A1A7F5}.Debug|Any CPU.ActiveCfg = Debug|Any CPU
		{65E04052-B100-41DE-B35E-75A586A1A7F5}.Debug|Any CPU.Build.0 = Debug|Any CPU
		{65E04052-B100-41DE-B35E-75A586A1A7F5}.Release|Any CPU.ActiveCfg = Release|Any CPU
		{65E04052-B100-41DE-B35E-75A586A1A7F5}.Release|Any CPU.Build.0 = Release|Any CPU
	EndGlobalSection
	GlobalSection(SolutionProperties) = preSolution
		HideSolutionNode = FALSE
	EndGlobalSection
	GlobalSection(ExtensibilityGlobals) = postSolution
		SolutionGuid = {1229CF86-5EFF-4580-8965-C50B0D3A2EC4}
	EndGlobalSection
EndGlobal
